{
  "name": "temper-harness",
  "lockfileVersion": 3,
  "requires": true,
  "packages": {
    "": {
      "name": "temper-harness",
      "dependencies": {
        "@dtmd/temper": "file:../sdk"
      }
    },
    "../sdk": {
      "name": "@dtmd/temper",
      "version": "0.0.14",
      "license": "(MIT OR Apache-2.0)",
      "bin": {
        "temper": "bin/temper.js"
      },
      "devDependencies": {
        "@types/node": "^22.20.1",
        "typescript": "^5.6.0"
      },
      "optionalDependencies": {
        "@dtmd/temper-linux-x64": "0.0.14",
        "@dtmd/temper-win32-x64": "0.0.14"
      }
    },
    "node_modules/@dtmd/temper": {
      "resolved": "../sdk",
      "link": true
    }
  }
}
