{
  "name": "@dtmd/temper",
  "version": "0.0.11",
  "lockfileVersion": 3,
  "requires": true,
  "packages": {
    "": {
      "name": "@dtmd/temper",
      "version": "0.0.11",
      "license": "(MIT OR Apache-2.0)",
      "bin": {
        "temper": "bin/temper.js"
      },
      "devDependencies": {
        "@types/node": "^22.20.1",
        "typescript": "^5.6.0"
      },
      "optionalDependencies": {
        "@dtmd/temper-linux-x64": "0.0.10",
        "@dtmd/temper-win32-x64": "0.0.10"
      }
    },
    "node_modules/@dtmd/temper-linux-x64": {
      "version": "0.0.10",
      "resolved": "https://registry.npmjs.org/@dtmd/temper-linux-x64/-/temper-linux-x64-0.0.10.tgz",
      "integrity": "sha512-IgYyRB4KAn54T0u2TMF8JtWt/F1h/VoEiaGFhZBBSZJO3JmrQDk+eZPsbYORSVXhYpfNoekWylPvL7I8NNwIPQ==",
      "cpu": [
        "x64"
      ],
      "license": "(MIT OR Apache-2.0)",
      "optional": true,
      "os": [
        "linux"
      ]
    },
    "node_modules/@dtmd/temper-win32-x64": {
      "version": "0.0.10",
      "resolved": "https://registry.npmjs.org/@dtmd/temper-win32-x64/-/temper-win32-x64-0.0.10.tgz",
      "integrity": "sha512-06dgjR1dJcSKIBax/NKIuTUAkVuezegwSWMRxPJTXOVuOeq1YYJDiYWO8NahxFD/WOSUKOQsRGeESmbAn5nH3g==",
      "cpu": [
        "x64"
      ],
      "license": "(MIT OR Apache-2.0)",
      "optional": true,
      "os": [
        "win32"
      ]
    },
    "node_modules/@types/node": {
      "version": "22.20.1",
      "resolved": "https://registry.npmjs.org/@types/node/-/node-22.20.1.tgz",
      "integrity": "sha512-EANqOCF9QFyra+4pfxUcX9STKJpCLjMbObVzljIJomAWSnuSIEAvyzEU53GaajbXJEgdh0iEcPL+DGvpUd4k1Q==",
      "dev": true,
      "license": "MIT",
      "dependencies": {
        "undici-types": "~6.21.0"
      }
    },
    "node_modules/typescript": {
      "version": "5.9.3",
      "resolved": "https://registry.npmjs.org/typescript/-/typescript-5.9.3.tgz",
      "integrity": "sha512-jl1vZzPDinLr9eUt3J/t7V6FgNEw9QjvBPdysz9KfQDD41fQrC2Y4vKQdiaUpFT4bXlb1RHhLpp8wtm6M5TgSw==",
      "dev": true,
      "license": "Apache-2.0",
      "bin": {
        "tsc": "bin/tsc",
        "tsserver": "bin/tsserver"
      },
      "engines": {
        "node": ">=14.17"
      }
    },
    "node_modules/undici-types": {
      "version": "6.21.0",
      "resolved": "https://registry.npmjs.org/undici-types/-/undici-types-6.21.0.tgz",
      "integrity": "sha512-iwDZqg0QAGrg9Rav5H4n0M64c3mkR59cJ6wQp+7C4nI0gsmExaedaYLNO44eT4AtBBwjbTiGPMlt2Md0T9H9JQ==",
      "dev": true,
      "license": "MIT"
    }
  }
}
